// !$*UTF8*$!
{
	archiveVersion = 1;
	classes = {
	};
	objectVersion = 56;
	objects = {

/* Begin PBXBuildFile section */
		F69150F42A28C6E700A7B882 /* AppDelegate.swift in Sources */ = {isa = PBXBuildFile; fileRef = F69150F32A28C6E700A7B882 /* AppDelegate.swift */; };
		F69150F62A28C6E700A7B882 /* SceneDelegate.swift in Sources */ = {isa = PBXBuildFile; fileRef = F69150F52A28C6E700A7B882 /* SceneDelegate.swift */; };
		F69150F82A28C6E700A7B882 /* ViewController.swift in Sources */ = {isa = PBXBuildFile; fileRef = F69150F72A28C6E700A7B882 /* ViewController.swift */; };
		F69150FB2A28C6E700A7B882 /* Main.storyboard in Resources */ = {isa = PBXBuildFile; fileRef = F69150F92A28C6E700A7B882 /* Main.storyboard */; };
		F69150FD2A28C6EB00A7B882 /* Assets.xcassets in Resources */ = {isa = PBXBuildFile; fileRef = F69150FC2A28C6EB00A7B882 /* Assets.xcassets */; };
		F69151002A28C6EB00A7B882 /* LaunchScreen.storyboard in Resources */ = {isa = PBXBuildFile; fileRef = F69150FE2A28C6EB00A7B882 /* LaunchScreen.storyboard */; };
		F691510B2A28C6EB00A7B882 /* TestProjectTests.swift in Sources */ = {isa = PBXBuildFile; fileRef = F691510A2A28C6EB00A7B882 /* TestProjectTests.swift */; };
		F69151152A28C6EB00A7B882 /* TestProjectUITests.swift in Sources */ = {isa = PBXBuildFile; fileRef = F69151142A28C6EB00A7B882 /* TestProjectUITests.swift */; };
		F69151172A28C6EB00A7B882 /* TestProjectUITestsLaunchTests.swift in Sources */ = {isa = PBXBuildFile; fileRef = F69151162A28C6EB00A7B882 /* TestProjectUITestsLaunchTests.swift */; };
/* End PBXBuildFile section */

/* Begin PBXContainerItemProxy section */
		F69151072A28C6EB00A7B882 /* PBXContainerItemProxy */ = {
			isa = PBXContainerItemProxy;
			containerPortal = F69150E82A28C6E700A7B882 /* Project object */;
			proxyType = 1;
			remoteGlobalIDString = F69150EF2A28C6E700A7B882;
			remoteInfo = TestProject;
		};
		F69151112A28C6EB00A7B882 /* PBXContainerItemProxy */ = {
			isa = PBXContainerItemProxy;
			containerPortal = F69150E82A28C6E700A7B882 /* Project object */;
			proxyType = 1;
			remoteGlobalIDString = F69150EF2A28C6E700A7B882;
			remoteInfo = TestProject;
		};
/* End PBXContainerItemProxy section */

/* Begin PBXFileReference section */
		F69150F02A28C6E700A7B882 /* TestProject.app */ = {isa = PBXFileReference; explicitFileType = wrapper.application; includeInIndex = 0; path = TestProject.app; sourceTree = BUILT_PRODUCTS_DIR; };
		F69150F32A28C6E700A7B882 /* AppDelegate.swift */ = {isa = PBXFileReference; lastKnownFileType = sourcecode.swift; path = AppDelegate.swift; sourceTree = "<group>"; };
		F69150F52A28C6E700A7B882 /* SceneDelegate.swift */ = {isa = PBXFileReference; lastKnownFileType = sourcecode.swift; path = SceneDelegate.swift; sourceTree = "<group>"; };
		F69150F72A28C6E700A7B882 /* ViewController.swift */ = {isa = PBXFileReference; lastKnownFileType = sourcecode.swift; path = ViewController.swift; sourceTree = "<group>"; };
		F69150FA2A28C6E700A7B882 /* Base */ = {isa = PBXFileReference; lastKnownFileType = file.storyboard; name = Base; path = Base.lproj/Main.storyboard; sourceTree = "<group>"; };
		F69150FC2A28C6EB00A7B882 /* Assets.xcassets */ = {isa = PBXFileReference; lastKnownFileType = folder.assetcatalog; path = Assets.xcassets; sourceTree = "<group>"; };
		F69150FF2A28C6EB00A7B882 /* Base */ = {isa = PBXFileReference; lastKnownFileType = file.storyboard; name = Base; path = Base.lproj/LaunchScreen.storyboard; sourceTree = "<group>"; };
		F69151012A28C6EB00A7B882 /* Info.plist */ = {isa = PBXFileReference; lastKnownFileType = text.plist.xml; path = Info.plist; sourceTree = "<group>"; };
		F69151062A28C6EB00A7B882 /* TestProjectTests.xctest */ = {isa = PBXFileReference; explicitFileType = wrapper.cfbundle; includeInIndex = 0; path = TestProjectTests.xctest; sourceTree = BUILT_PRODUCTS_DIR; };
		F691510A2A28C6EB00A7B882 /* TestProjectTests.swift */ = {isa = PBXFileReference; lastKnownFileType = sourcecode.swift; path = TestProjectTests.swift; sourceTree = "<group>"; };
		F69151102A28C6EB00A7B882 /* TestProjectUITests.xctest */ = {isa = PBXFileReference; explicitFileType = wrapper.cfbundle; includeInIndex = 0; path = TestProjectUITests.xctest; sourceTree = BUILT_PRODUCTS_DIR; };
		F69151142A28C6EB00A7B882 /* TestProjectUITests.swift */ = {isa = PBXFileReference; lastKnownFileType = sourcecode.swift; path = TestProjectUITests.swift; sourceTree = "<group>"; };
		F69151162A28C6EB00A7B882 /* TestProjectUITestsLaunchTests.swift */ = {isa = PBXFileReference; lastKnownFileType = sourcecode.swift; path = TestProjectUITestsLaunchTests.swift; sourceTree = "<group>"; };
/* End PBXFileReference section */

/* Begin PBXFrameworksBuildPhase section */
		F69150ED2A28C6E700A7B882 /* Frameworks */ = {
			isa = PBXFrameworksBuildPhase;
			buildActionMask = 2147483647;
			files = (
			);
			runOnlyForDeploymentPostprocessing = 0;
		};
		F69151032A28C6EB00A7B882 /* Frameworks */ = {
			isa = PBXFrameworksBuildPhase;
			buildActionMask = 2147483647;
			files = (
			);
			runOnlyForDeploymentPostprocessing = 0;
		};
		F691510D2A28C6EB00A7B882 /* Frameworks */ = {
			isa = PBXFrameworksBuildPhase;
			buildActionMask = 2147483647;
			files = (
			);
			runOnlyForDeploymentPostprocessing = 0;
		};
/* End PBXFrameworksBuildPhase section */

/* Begin PBXGroup section */
		F69150E72A28C6E700A7B882 = {
			isa = PBXGroup;
			children = (
				F69150F22A28C6E700A7B882 /* TestProject */,
				F69151092A28C6EB00A7B882 /* TestProjectTests */,
				F69151132A28C6EB00A7B882 /* TestProjectUITests */,
				F69150F12A28C6E700A7B882 /* Products */,
			);
			sourceTree = "<group>";
		};
		F69150F12A28C6E700A7B882 /* Products */ = {
			isa = PBXGroup;
			children = (
				F69150F02A28C6E700A7B882 /* TestProject.app */,
				F69151062A28C6EB00A7B882 /* TestProjectTests.xctest */,
				F69151102A28C6EB00A7B882 /* TestProjectUITests.xctest */,
			);
			name = Products;
			sourceTree = "<group>";
		};
		F69150F22A28C6E700A7B882 /* TestProject */ = {
			isa = PBXGroup;
			children = (
				F69150F32A28C6E700A7B882 /* AppDelegate.swift */,
				F69150F52A28C6E700A7B882 /* SceneDelegate.swift */,
				F69150F72A28C6E700A7B882 /* ViewController.swift */,
				F69150F92A28C6E700A7B882 /* Main.storyboard */,
				F69150FC2A28C6EB00A7B882 /* Assets.xcassets */,
				F69150FE2A28C6EB00A7B882 /* LaunchScreen.storyboard */,
				F69151012A28C6EB00A7B882 /* Info.plist */,
			);
			path = TestProject;
			sourceTree = "<group>";
		};
		F69151092A28C6EB00A7B882 /* TestProjectTests */ = {
			isa = PBXGroup;
			children = (
				F691510A2A28C6EB00A7B882 /* TestProjectTests.swift */,
			);
			path = TestProjectTests;
			sourceTree = "<group>";
		};
		F69151132A28C6EB00A7B882 /* TestProjectUITests */ = {
			isa = PBXGroup;
			children = (
				F69151142A28C6EB00A7B882 /* TestProjectUITests.swift */,
				F69151162A28C6EB00A7B882 /* TestProjectUITestsLaunchTests.swift */,
			);
			path = TestProjectUITests;
			sourceTree = "<group>";
		};
/* End PBXGroup section */

/* Begin PBXNativeTarget section */
		F69150EF2A28C6E700A7B882 /* TestProject */ = {
			isa = PBXNativeTarget;
			buildConfigurationList = F691511A2A28C6EB00A7B882 /* Build configuration list for PBXNativeTarget "TestProject" */;
			buildPhases = (
				F69150EC2A28C6E700A7B882 /* Sources */,
				F69150ED2A28C6E700A7B882 /* Frameworks */,
				F69150EE2A28C6E700A7B882 /* Resources */,
			);
			buildRules = (
			);
			dependencies = (
			);
			name = TestProject;
			productName = TestProject;
			productReference = F69150F02A28C6E700A7B882 /* TestProject.app */;
			productType = "com.apple.product-type.application";
		};
		F69151052A28C6EB00A7B882 /* TestProjectTests */ = {
			isa = PBXNativeTarget;
			buildConfigurationList = F691511D2A28C6EB00A7B882 /* Build configuration list for PBXNativeTarget "TestProjectTests" */;
			buildPhases = (
				F69151022A28C6EB00A7B882 /* Sources */,
				F69151032A28C6EB00A7B882 /* Frameworks */,
				F69151042A28C6EB00A7B882 /* Resources */,
			);
			buildRules = (
			);
			dependencies = (
				F69151082A28C6EB00A7B882 /* PBXTargetDependency */,
			);
			name = TestProjectTests;
			productName = TestProjectTests;
			productReference = F69151062A28C6EB00A7B882 /* TestProjectTests.xctest */;
			productType = "com.apple.product-type.bundle.unit-test";
		};
		F691510F2A28C6EB00A7B882 /* TestProjectUITests */ = {
			isa = PBXNativeTarget;
			buildConfigurationList = F69151202A28C6EB00A7B882 /* Build configuration list for PBXNativeTarget "TestProjectUITests" */;
			buildPhases = (
				F691510C2A28C6EB00A7B882 /* Sources */,
				F691510D2A28C6EB00A7B882 /* Frameworks */,
				F691510E2A28C6EB00A7B882 /* Resources */,
			);
			buildRules = (
			);
			dependencies = (
				F69151122A28C6EB00A7B882 /* PBXTargetDependency */,
			);
			name = TestProjectUITests;
			productName = TestProjectUITests;
			productReference = F69151102A28C6EB00A7B882 /* TestProjectUITests.xctest */;
			productType = "com.apple.product-type.bundle.ui-testing";
		};
/* End PBXNativeTarget section */

/* Begin PBXProject section */
		F69150E82A28C6E700A7B882 /* Project object */ = {
			isa = PBXProject;
			attributes = {
				BuildIndependentTargetsInParallel = 1;
				LastSwiftUpdateCheck = 1430;
				LastUpgradeCheck = 1430;
				TargetAttributes = {
					F69150EF2A28C6E700A7B882 = {
						CreatedOnToolsVersion = 14.3;
					};
					F69151052A28C6EB00A7B882 = {
						CreatedOnToolsVersion = 14.3;
						TestTargetID = F69150EF2A28C6E700A7B882;
					};
					F691510F2A28C6EB00A7B882 = {
						CreatedOnToolsVersion = 14.3;
						TestTargetID = F69150EF2A28C6E700A7B882;
					};
				};
			};
			buildConfigurationList = F69150EB2A28C6E700A7B882 /* Build configuration list for PBXProject "TestProject" */;
			compatibilityVersion = "Xcode 14.0";
			developmentRegion = en;
			hasScannedForEncodings = 0;
			knownRegions = (
				en,
				Base,
			);
			mainGroup = F69150E72A28C6E700A7B882;
			productRefGroup = F69150F12A28C6E700A7B882 /* Products */;
			projectDirPath = "";
			projectRoot = "";
			targets = (
				F69150EF2A28C6E700A7B882 /* TestProject */,
				F69151052A28C6EB00A7B882 /* TestProjectTests */,
				F691510F2A28C6EB00A7B882 /* TestProjectUITests */,
			);
		};
/* End PBXProject section */

/* Begin PBXResourcesBuildPhase section */
		F69150EE2A28C6E700A7B882 /* Resources */ = {
			isa = PBXResourcesBuildPhase;
			buildActionMask = 2147483647;
			files = (
				F69151002A28C6EB00A7B882 /* LaunchScreen.storyboard in Resources */,
				F69150FD2A28C6EB00A7B882 /* Assets.xcassets in Resources */,
				F69150FB2A28C6E700A7B882 /* Main.storyboard in Resources */,
			);
			runOnlyForDeploymentPostprocessing = 0;
		};
		F69151042A28C6EB00A7B882 /* Resources */ = {
			isa = PBXResourcesBuildPhase;
			buildActionMask = 2147483647;
			files = (
			);
			runOnlyForDeploymentPostprocessing = 0;
		};
		F691510E2A28C6EB00A7B882 /* Resources */ = {
			isa = PBXResourcesBuildPhase;
			buildActionMask = 2147483647;
			files = (
			);
			runOnlyForDeploymentPostprocessing = 0;
		};
/* End PBXResourcesBuildPhase section */

/* Begin PBXSourcesBuildPhase section */
		F69150EC2A28C6E700A7B882 /* Sources */ = {
			isa = PBXSourcesBuildPhase;
			buildActionMask = 2147483647;
			files = (
				F69150F82A28C6E700A7B882 /* ViewController.swift in Sources */,
				F69150F42A28C6E700A7B882 /* AppDelegate.swift in Sources */,
				F69150F62A28C6E700A7B882 /* SceneDelegate.swift in Sources */,
			);
			runOnlyForDeploymentPostprocessing = 0;
		};
		F69151022A28C6EB00A7B882 /* Sources */ = {
			isa = PBXSourcesBuildPhase;
			buildActionMask = 2147483647;
			files = (
				F691510B2A28C6EB00A7B882 /* TestProjectTests.swift in Sources */,
			);
			runOnlyForDeploymentPostprocessing = 0;
		};
		F691510C2A28C6EB00A7B882 /* Sources */ = {
			isa = PBXSourcesBuildPhase;
			buildActionMask = 2147483647;
			files = (
				F69151172A28C6EB00A7B882 /* TestProjectUITestsLaunchTests.swift in Sources */,
				F69151152A28C6EB00A7B882 /* TestProjectUITests.swift in Sources */,
			);
			runOnlyForDeploymentPostprocessing = 0;
		};
/* End PBXSourcesBuildPhase section */

/* Begin PBXTargetDependency section */
		F69151082A28C6EB00A7B882 /* PBXTargetDependency */ = {
			isa = PBXTargetDependency;
			target = F69150EF2A28C6E700A7B882 /* TestProject */;
			targetProxy = F69151072A28C6EB00A7B882 /* PBXContainerItemProxy */;
		};
		F69151122A28C6EB00A7B882 /* PBXTargetDependency */ = {
			isa = PBXTargetDependency;
			target = F69150EF2A28C6E700A7B882 /* TestProject */;
			targetProxy = F69151112A28C6EB00A7B882 /* PBXContainerItemProxy */;
		};
/* End PBXTargetDependency section */

/* Begin PBXVariantGroup section */
		F69150F92A28C6E700A7B882 /* Main.storyboard */ = {
			isa = PBXVariantGroup;
			children = (
				F69150FA2A28C6E700A7B882 /* Base */,
			);
			name = Main.storyboard;
			sourceTree = "<group>";
		};
		F69150FE2A28C6EB00A7B882 /* LaunchScreen.storyboard */ = {
			isa = PBXVariantGroup;
			children = (
				F69150FF2A28C6EB00A7B882 /* Base */,
			);
			name = LaunchScreen.storyboard;
			sourceTree = "<group>";
		};
/* End PBXVariantGroup section */

/* Begin XCBuildConfiguration section */
		F69151182A28C6EB00A7B882 /* Debug */ = {
			isa = XCBuildConfiguration;
			buildSettings = {
				ALWAYS_SEARCH_USER_PATHS = NO;
				CLANG_ANALYZER_NONNULL = YES;
				CLANG_ANALYZER_NUMBER_OBJECT_CONVERSION = YES_AGGRESSIVE;
				CLANG_CXX_LANGUAGE_STANDARD = "gnu++20";
				CLANG_ENABLE_MODULES = YES;
				CLANG_ENABLE_OBJC_ARC = YES;
				CLANG_ENABLE_OBJC_WEAK = YES;
				CLANG_WARN_BLOCK_CAPTURE_AUTORELEASING = YES;
				CLANG_WARN_BOOL_CONVERSION = YES;
				CLANG_WARN_COMMA = YES;
				CLANG_WARN_CONSTANT_CONVERSION = YES;
				CLANG_WARN_DEPRECATED_OBJC_IMPLEMENTATIONS = YES;
				CLANG_WARN_DIRECT_OBJC_ISA_USAGE = YES_ERROR;
				CLANG_WARN_DOCUMENTATION_COMMENTS = YES;
				CLANG_WARN_EMPTY_BODY = YES;
				CLANG_WARN_ENUM_CONVERSION = YES;
				CLANG_WARN_INFINITE_RECURSION = YES;
				CLANG_WARN_INT_CONVERSION = YES;
				CLANG_WARN_NON_LITERAL_NULL_CONVERSION = YES;
				CLANG_WARN_OBJC_IMPLICIT_RETAIN_SELF = YES;
				CLANG_WARN_OBJC_LITERAL_CONVERSION = YES;
				CLANG_WARN_OBJC_ROOT_CLASS = YES_ERROR;
				CLANG_WARN_QUOTED_INCLUDE_IN_FRAMEWORK_HEADER = YES;
				CLANG_WARN_RANGE_LOOP_ANALYSIS = YES;
				CLANG_WARN_STRICT_PROTOTYPES = YES;
				CLANG_WARN_SUSPICIOUS_MOVE = YES;
				CLANG_WARN_UNGUARDED_AVAILABILITY = YES_AGGRESSIVE;
				CLANG_WARN_UNREACHABLE_CODE = YES;
				CLANG_WARN__DUPLICATE_METHOD_MATCH = YES;
				COPY_PHASE_STRIP = NO;
				DEBUG_INFORMATION_FORMAT = dwarf;
				ENABLE_STRICT_OBJC_MSGSEND = YES;
				ENABLE_TESTABILITY = YES;
				GCC_C_LANGUAGE_STANDARD = gnu11;
				GCC_DYNAMIC_NO_PIC = NO;
				GCC_NO_COMMON_BLOCKS = YES;
				GCC_OPTIMIZATION_LEVEL = 0;
				GCC_PREPROCESSOR_DEFINITIONS = (
					"DEBUG=1",
					"$(inherited)",
				);
				GCC_WARN_64_TO_32_BIT_CONVERSION = YES;
				GCC_WARN_ABOUT_RETURN_TYPE = YES_ERROR;
				GCC_WARN_UNDECLARED_SELECTOR = YES;
				GCC_WARN_UNINITIALIZED_AUTOS = YES_AGGRESSIVE;
				GCC_WARN_UNUSED_FUNCTION = YES;
				GCC_WARN_UNUSED_VARIABLE = YES;
				IPHONEOS_DEPLOYMENT_TARGET = 16.4;
				MTL_ENABLE_DEBUG_INFO = INCLUDE_SOURCE;
				MTL_FAST_MATH = YES;
				ONLY_ACTIVE_ARCH = YES;
				SDKROOT = iphoneos;
				SWIFT_ACTIVE_COMPILATION_CONDITIONS = DEBUG;
				SWIFT_OPTIMIZATION_LEVEL = "-Onone";
			};
			name = Debug;
		};
		F69151192A28C6EB00A7B882 /* Release */ = {
			isa = XCBuildConfiguration;
			buildSettings = {
				ALWAYS_SEARCH_USER_PATHS = NO;
				CLANG_ANALYZER_NONNULL = YES;
				CLANG_ANALYZER_NUMBER_OBJECT_CONVERSION = YES_AGGRESSIVE;
				CLANG_CXX_LANGUAGE_STANDARD = "gnu++20";
				CLANG_ENABLE_MODULES = YES;
				CLANG_ENABLE_OBJC_ARC = YES;
				CLANG_ENABLE_OBJC_WEAK = YES;
				CLANG_WARN_BLOCK_CAPTURE_AUTORELEASING = YES;
				CLANG_WARN_BOOL_CONVERSION = YES;
				CLANG_WARN_COMMA = YES;
				CLANG_WARN_CONSTANT_CONVERSION = YES;
				CLANG_WARN_DEPRECATED_OBJC_IMPLEMENTATIONS = YES;
				CLANG_WARN_DIRECT_OBJC_ISA_USAGE = YES_ERROR;
				CLANG_WARN_DOCUMENTATION_COMMENTS = YES;
				CLANG_WARN_EMPTY_BODY = YES;
				CLANG_WARN_ENUM_CONVERSION = YES;
				CLANG_WARN_INFINITE_RECURSION = YES;
				CLANG_WARN_INT_CONVERSION = YES;
				CLANG_WARN_NON_LITERAL_NULL_CONVERSION = YES;
				CLANG_WARN_OBJC_IMPLICIT_RETAIN_SELF = YES;
				CLANG_WARN_OBJC_LITERAL_CONVERSION = YES;
				CLANG_WARN_OBJC_ROOT_CLASS = YES_ERROR;
				CLANG_WARN_QUOTED_INCLUDE_IN_FRAMEWORK_HEADER = YES;
				CLANG_WARN_RANGE_LOOP_ANALYSIS = YES;
				CLANG_WARN_STRICT_PROTOTYPES = YES;
				CLANG_WARN_SUSPICIOUS_MOVE = YES;
				CLANG_WARN_UNGUARDED_AVAILABILITY = YES_AGGRESSIVE;
				CLANG_WARN_UNREACHABLE_CODE = YES;
				CLANG_WARN__DUPLICATE_METHOD_MATCH = YES;
				COPY_PHASE_STRIP = NO;
				DEBUG_INFORMATION_FORMAT = "dwarf-with-dsym";
				ENABLE_NS_ASSERTIONS = NO;
				ENABLE_STRICT_OBJC_MSGSEND = YES;
				GCC_C_LANGUAGE_STANDARD = gnu11;
				GCC_NO_COMMON_BLOCKS = YES;
				GCC_WARN_64_TO_32_BIT_CONVERSION = YES;
				GCC_WARN_ABOUT_RETURN_TYPE = YES_ERROR;
				GCC_WARN_UNDECLARED_SELECTOR = YES;
				GCC_WARN_UNINITIALIZED_AUTOS = YES_AGGRESSIVE;
				GCC_WARN_UNUSED_FUNCTION = YES;
				GCC_WARN_UNUSED_VARIABLE = YES;
				IPHONEOS_DEPLOYMENT_TARGET = 16.4;
				MTL_ENABLE_DEBUG_INFO = NO;
				MTL_FAST_MATH = YES;
				SDKROOT = iphoneos;
				SWIFT_COMPILATION_MODE = wholemodule;
				SWIFT_OPTIMIZATION_LEVEL = "-O";
				VALIDATE_PRODUCT = YES;
			};
			name = Release;
		};
		F691511B2A28C6EB00A7B882 /* Debug */ = {
			isa = XCBuildConfiguration;
			buildSettings = {
				ASSETCATALOG_COMPILER_APPICON_NAME = AppIcon;
				ASSETCATALOG_COMPILER_GLOBAL_ACCENT_COLOR_NAME = AccentColor;
				CODE_SIGN_STYLE = Automatic;
				CURRENT_PROJECT_VERSION = 1;
				DEVELOPMENT_TEAM = L99K86BA8Y;
				GENERATE_INFOPLIST_FILE = YES;
				INFOPLIST_FILE = TestProject/Info.plist;
				INFOPLIST_KEY_UIApplicationSupportsIndirectInputEvents = YES;
				INFOPLIST_KEY_UILaunchStoryboardName = LaunchScreen;
				INFOPLIST_KEY_UIMainStoryboardFile = Main;
				INFOPLIST_KEY_UISupportedInterfaceOrientations_iPad = "UIInterfaceOrientationPortrait UIInterfaceOrientationPortraitUpsideDown UIInterfaceOrientationLandscapeLeft UIInterfaceOrientationLandscapeRight";
				INFOPLIST_KEY_UISupportedInterfaceOrientations_iPhone = "UIInterfaceOrientationPortrait UIInterfaceOrientationLandscapeLeft UIInterfaceOrientationLandscapeRight";
				LD_RUNPATH_SEARCH_PATHS = (
					"$(inherited)",
					"@executable_path/Frameworks",
				);
				MARKETING_VERSION = 1.0;
				PRODUCT_BUNDLE_IDENTIFIER = com.prac.TestProject;
				PRODUCT_NAME = "$(TARGET_NAME)";
				SWIFT_EMIT_LOC_STRINGS = YES;
				SWIFT_VERSION = 5.0;
				TARGETED_DEVICE_FAMILY = "1,2";
			};
			name = Debug;
		};
		F691511C2A28C6EB00A7B882 /* Release */ = {
			isa = XCBuildConfiguration;
			buildSettings = {
				ASSETCATALOG_COMPILER_APPICON_NAME = AppIcon;
				ASSETCATALOG_COMPILER_GLOBAL_ACCENT_COLOR_NAME = AccentColor;
				CODE_SIGN_STYLE = Automatic;
				CURRENT_PROJECT_VERSION = 1;
				DEVELOPMENT_TEAM = L99K86BA8Y;
				GENERATE_INFOPLIST_FILE = YES;
				INFOPLIST_FILE = TestProject/Info.plist;
				INFOPLIST_KEY_UIApplicationSupportsIndirectInputEvents = YES;
				INFOPLIST_KEY_UILaunchStoryboardName = LaunchScreen;
				INFOPLIST_KEY_UIMainStoryboardFile = Main;
				INFOPLIST_KEY_UISupportedInterfaceOrientations_iPad = "UIInterfaceOrientationPortrait UIInterfaceOrientationPortraitUpsideDown UIInterfaceOrientationLandscapeLeft UIInterfaceOrientationLandscapeRight";
				INFOPLIST_KEY_UISupportedInterfaceOrientations_iPhone = "UIInterfaceOrientationPortrait UIInterfaceOrientationLandscapeLeft UIInterfaceOrientationLandscapeRight";
				LD_RUNPATH_SEARCH_PATHS = (
					"$(inherited)",
					"@executable_path/Frameworks",
				);
				MARKETING_VERSION = 1.0;
				PRODUCT_BUNDLE_IDENTIFIER = com.prac.TestProject;
				PRODUCT_NAME = "$(TARGET_NAME)";
				SWIFT_EMIT_LOC_STRINGS = YES;
				SWIFT_VERSION = 5.0;
				TARGETED_DEVICE_FAMILY = "1,2";
			};
			name = Release;
		};
		F691511E2A28C6EB00A7B882 /* Debug */ = {
			isa = XCBuildConfiguration;
			buildSettings = {
				ALWAYS_EMBED_SWIFT_STANDARD_LIBRARIES = YES;
				BUNDLE_LOADER = "$(TEST_HOST)";
				CODE_SIGN_STYLE = Automatic;
				CURRENT_PROJECT_VERSION = 1;
				DEVELOPMENT_TEAM = L99K86BA8Y;
				GENERATE_INFOPLIST_FILE = YES;
				IPHONEOS_DEPLOYMENT_TARGET = 16.4;
				MARKETING_VERSION = 1.0;
				PRODUCT_BUNDLE_IDENTIFIER = com.prac.TestProjectTests;
				PRODUCT_NAME = "$(TARGET_NAME)";
				SWIFT_EMIT_LOC_STRINGS = NO;
				SWIFT_VERSION = 5.0;
				TARGETED_DEVICE_FAMILY = "1,2";
				TEST_HOST = "$(BUILT_PRODUCTS_DIR)/TestProject.app/$(BUNDLE_EXECUTABLE_FOLDER_PATH)/TestProject";
			};
			name = Debug;
		};
		F691511F2A28C6EB00A7B882 /* Release */ = {
			isa = XCBuildConfiguration;
			buildSettings = {
				ALWAYS_EMBED_SWIFT_STANDARD_LIBRARIES = YES;
				BUNDLE_LOADER = "$(TEST_HOST)";
				CODE_SIGN_STYLE = Automatic;
				CURRENT_PROJECT_VERSION = 1;
				DEVELOPMENT_TEAM = L99K86BA8Y;
				GENERATE_INFOPLIST_FILE = YES;
				IPHONEOS_DEPLOYMENT_TARGET = 16.4;
				MARKETING_VERSION = 1.0;
				PRODUCT_BUNDLE_IDENTIFIER = com.prac.TestProjectTests;
				PRODUCT_NAME = "$(TARGET_NAME)";
				SWIFT_EMIT_LOC_STRINGS = NO;
				SWIFT_VERSION = 5.0;
				TARGETED_DEVICE_FAMILY = "1,2";
				TEST_HOST = "$(BUILT_PRODUCTS_DIR)/TestProject.app/$(BUNDLE_EXECUTABLE_FOLDER_PATH)/TestProject";
			};
			name = Release;
		};
		F69151212A28C6EB00A7B882 /* Debug */ = {
			isa = XCBuildConfiguration;
			buildSettings = {
				ALWAYS_EMBED_SWIFT_STANDARD_LIBRARIES = YES;
				CODE_SIGN_STYLE = Automatic;
				CURRENT_PROJECT_VERSION = 1;
				DEVELOPMENT_TEAM = L99K86BA8Y;
				GENERATE_INFOPLIST_FILE = YES;
				MARKETING_VERSION = 1.0;
				PRODUCT_BUNDLE_IDENTIFIER = com.prac.TestProjectUITests;
				PRODUCT_NAME = "$(TARGET_NAME)";
				SWIFT_EMIT_LOC_STRINGS = NO;
				SWIFT_VERSION = 5.0;
				TARGETED_DEVICE_FAMILY = "1,2";
				TEST_TARGET_NAME = TestProject;
			};
			name = Debug;
		};
		F69151222A28C6EB00A7B882 /* Release */ = {
			isa = XCBuildConfiguration;
			buildSettings = {
				ALWAYS_EMBED_SWIFT_STANDARD_LIBRARIES = YES;
				CODE_SIGN_STYLE = Automatic;
				CURRENT_PROJECT_VERSION = 1;
				DEVELOPMENT_TEAM = L99K86BA8Y;
				GENERATE_INFOPLIST_FILE = YES;
				MARKETING_VERSION = 1.0;
				PRODUCT_BUNDLE_IDENTIFIER = com.prac.TestProjectUITests;
				PRODUCT_NAME = "$(TARGET_NAME)";
				SWIFT_EMIT_LOC_STRINGS = NO;
				SWIFT_VERSION = 5.0;
				TARGETED_DEVICE_FAMILY = "1,2";
				TEST_TARGET_NAME = TestProject;
			};
			name = Release;
		};
/* End XCBuildConfiguration section */

/* Begin XCConfigurationList section */
		F69150EB2A28C6E700A7B882 /* Build configuration list for PBXProject "TestProject" */ = {
			isa = XCConfigurationList;
			buildConfigurations = (
				F69151182A28C6EB00A7B882 /* Debug */,
				F69151192A28C6EB00A7B882 /* Release */,
			);
			defaultConfigurationIsVisible = 0;
			defaultConfigurationName = Release;
		};
		F691511A2A28C6EB00A7B882 /* Build configuration list for PBXNativeTarget "TestProject" */ = {
			isa = XCConfigurationList;
			buildConfigurations = (
				F691511B2A28C6EB00A7B882 /* Debug */,
				F691511C2A28C6EB00A7B882 /* Release */,
			);
			defaultConfigurationIsVisible = 0;
			defaultConfigurationName = Release;
		};
		F691511D2A28C6EB00A7B882 /* Build configuration list for PBXNativeTarget "TestProjectTests" */ = {
			isa = XCConfigurationList;
			buildConfigurations = (
				F691511E2A28C6EB00A7B882 /* Debug */,
				F691511F2A28C6EB00A7B882 /* Release */,
			);
			defaultConfigurationIsVisible = 0;
			defaultConfigurationName = Release;
		};
		F69151202A28C6EB00A7B882 /* Build configuration list for PBXNativeTarget "TestProjectUITests" */ = {
			isa = XCConfigurationList;
			buildConfigurations = (
				F69151212A28C6EB00A7B882 /* Debug */,
				F69151222A28C6EB00A7B882 /* Release */,
			);
			defaultConfigurationIsVisible = 0;
			defaultConfigurationName = Release;
		};
/* End XCConfigurationList section */
	};
	rootObject = F69150E82A28C6E700A7B882 /* Project object */;
}
